
Microsoft Visual Studio Solution File, Format Version 12.00
# Visual Studio Version 17
VisualStudioVersion = 17.0.31903.59
MinimumVisualStudioVersion = 10.0.40219.1
Project("{2150E333-8FDC-42A3-9474-1A3956D46DE8}") = "src", "src", "{827E0CD3-B72D-47B6-A68D-7590B98EB39B}"
EndProject
Project("{FAE04EC0-301F-11D3-BF4B-00C04F79EFBC}") = "ApiBenchmark.Web", "src\ApiBenchmark.Web\ApiBenchmark.Web.csproj", "{55A22514-048B-4F92-9E7B-6DF4C5E15B46}"
EndProject
Project("{FAE04EC0-301F-11D3-BF4B-00C04F79EFBC}") = "ApiBenchmark.Engine", "src\ApiBenchmark.Engine\ApiBenchmark.Engine.csproj", "{3BBDB5CF-1A35-48FA-BB13-D0E7B1ADB898}"
EndProject
Global
	GlobalSection(SolutionConfigurationPlatforms) = preSolution
		Debug|Any CPU = Debug|Any CPU
		Debug|x64 = Debug|x64
		Debug|x86 = Debug|x86
		Release|Any CPU = Release|Any CPU
		Release|x64 = Release|x64
		Release|x86 = Release|x86
	EndGlobalSection
	GlobalSection(ProjectConfigurationPlatforms) = postSolution
		{55A22514-048B-4F92-9E7B-6DF4C5E15B46}.Debug|Any CPU.ActiveCfg = Debug|Any CPU
		{55A22514-048B-4F92-9E7B-6DF4C5E15B46}.Debug|Any CPU.Build.0 = Debug|Any CPU
		{55A22514-048B-4F92-9E7B-6DF4C5E15B46}.Debug|x64.ActiveCfg = Debug|Any CPU
		{55A22514-048B-4F92-9E7B-6DF4C5E15B46}.Debug|x64.Build.0 = Debug|Any CPU
		{55A22514-048B-4F92-9E7B-6DF4C5E15B46}.Debug|x86.ActiveCfg = Debug|Any CPU
		{55A22514-048B-4F92-9E7B-6DF4C5E15B46}.Debug|x86.Build.0 = Debug|Any CPU
		{55A22514-048B-4F92-9E7B-6DF4C5E15B46}.Release|Any CPU.ActiveCfg = Release|Any CPU
		{55A22514-048B-4F92-9E7B-6DF4C5E15B46}.Release|Any CPU.Build.0 = Release|Any CPU
		{55A22514-048B-4F92-9E7B-6DF4C5E15B46}.Release|x64.ActiveCfg = Release|Any CPU
		{55A22514-048B-4F92-9E7B-6DF4C5E15B46}.Release|x64.Build.0 = Release|Any CPU
		{55A22514-048B-4F92-9E7B-6DF4C5E15B46}.Release|x86.ActiveCfg = Release|Any CPU
		{55A22514-048B-4F92-9E7B-6DF4C5E15B46}.Release|x86.Build.0 = Release|Any CPU
		{3BBDB5CF-1A35-48FA-BB13-D0E7B1ADB898}.Debug|Any CPU.ActiveCfg = Debug|Any CPU
		{3BBDB5CF-1A35-48FA-BB13-D0E7B1ADB898}.Debug|Any CPU.Build.0 = Debug|Any CPU
		{3BBDB5CF-1A35-48FA-BB13-D0E7B1ADB898}.Debug|x64.ActiveCfg = Debug|Any CPU
		{3BBDB5CF-1A35-48FA-BB13-D0E7B1ADB898}.Debug|x64.Build.0 = Debug|Any CPU
		{3BBDB5CF-1A35-48FA-BB13-D0E7B1ADB898}.Debug|x86.ActiveCfg = Debug|Any CPU
		{3BBDB5CF-1A35-48FA-BB13-D0E7B1ADB898}.Debug|x86.Build.0 = Debug|Any CPU
		{3BBDB5CF-1A35-48FA-BB13-D0E7B1ADB898}.Release|Any CPU.ActiveCfg = Release|Any CPU
		{3BBDB5CF-1A35-48FA-BB13-D0E7B1ADB898}.Release|Any CPU.Build.0 = Release|Any CPU
		{3BBDB5CF-1A35-48FA-BB13-D0E7B1ADB898}.Release|x64.ActiveCfg = Release|Any CPU
		{3BBDB5CF-1A35-48FA-BB13-D0E7B1ADB898}.Release|x64.Build.0 = Release|Any CPU
		{3BBDB5CF-1A35-48FA-BB13-D0E7B1ADB898}.Release|x86.ActiveCfg = Release|Any CPU
		{3BBDB5CF-1A35-48FA-BB13-D0E7B1ADB898}.Release|x86.Build.0 = Release|Any CPU
	EndGlobalSection
	GlobalSection(SolutionProperties) = preSolution
		HideSolutionNode = FALSE
	EndGlobalSection
	GlobalSection(NestedProjects) = preSolution
		{55A22514-048B-4F92-9E7B-6DF4C5E15B46} = {827E0CD3-B72D-47B6-A68D-7590B98EB39B}
		{3BBDB5CF-1A35-48FA-BB13-D0E7B1ADB898} = {827E0CD3-B72D-47B6-A68D-7590B98EB39B}
	EndGlobalSection
EndGlobal
